
Microsoft Visual Studio Solution File, Format Version 12.00
# Visual Studio Version 16
VisualStudioVersion = 16.0.31205.134
MinimumVisualStudioVersion = 10.0.40219.1
Project("{FAE04EC0-301F-11D3-BF4B-00C04F79EFBC}") = "soma e media", "soma e media\soma e media.csproj", "{9121B773-AC43-46EA-92EB-FDF74D58543E}"
EndProject
Global
	GlobalSection(SolutionConfigurationPlatforms) = preSolution
		Debug|Any CPU = Debug|Any CPU
		Release|Any CPU = Release|Any CPU
	EndGlobalSection
	GlobalSection(ProjectConfigurationPlatforms) = postSolution
		{9121B773-AC43-46EA-92EB-FDF74D58543E}.Debug|Any CPU.ActiveCfg = Debug|Any CPU
		{9121B773-AC43-46EA-92EB-FDF74D58543E}.Debug|Any CPU.Build.0 = Debug|Any CPU
		{9121B773-AC43-46EA-92EB-FDF74D58543E}.Release|Any CPU.ActiveCfg = Release|Any CPU
		{9121B773-AC43-46EA-92EB-FDF74D58543E}.Release|Any CPU.Build.0 = Release|Any CPU
	EndGlobalSection
	GlobalSection(SolutionProperties) = preSolution
		HideSolutionNode = FALSE
	EndGlobalSection
	GlobalSection(ExtensibilityGlobals) = postSolution
		SolutionGuid = {0A6E3F79-3171-4944-AA6C-5F61DC386288}
	EndGlobalSection
EndGlobal
